
Microsoft Visual Studio Solution File, Format Version 12.00
# Visual Studio 15
Project("{FAE04EC0-301F-11D3-BF4B-00C04F79EFBC}") = "Assembly-CSharp", "Assembly-CSharp.csproj", "{31B5A98B-FCC6-2679-5606-FF8F26676D95}"
EndProject
Project("{FAE04EC0-301F-11D3-BF4B-00C04F79EFBC}") = "Sirenix.OdinInspector.CompatibilityLayer", "Sirenix.OdinInspector.CompatibilityLayer.csproj", "{F6578C81-C8F0-8F13-A18C-2A9C840E1C37}"
EndProject
Project("{FAE04EC0-301F-11D3-BF4B-00C04F79EFBC}") = "Sirenix.OdinInspector.CompatibilityLayer.Editor", "Sirenix.OdinInspector.CompatibilityLayer.Editor.csproj", "{17B69F4F-03FF-0DA7-4FAE-10D76EA310F8}"
EndProject
Global
	GlobalSection(SolutionConfigurationPlatforms) = preSolution
		Debug|Any CPU = Debug|Any CPU
		Release|Any CPU = Release|Any CPU
	EndGlobalSection
	GlobalSection(ProjectConfigurationPlatforms) = postSolution
		{31B5A98B-FCC6-2679-5606-FF8F26676D95}.Debug|Any CPU.ActiveCfg = Debug|Any CPU
		{31B5A98B-FCC6-2679-5606-FF8F26676D95}.Debug|Any CPU.Build.0 = Debug|Any CPU
		{31B5A98B-FCC6-2679-5606-FF8F26676D95}.Release|Any CPU.ActiveCfg = Release|Any CPU
		{31B5A98B-FCC6-2679-5606-FF8F26676D95}.Release|Any CPU.Build.0 = Release|Any CPU
		{F6578C81-C8F0-8F13-A18C-2A9C840E1C37}.Debug|Any CPU.ActiveCfg = Debug|Any CPU
		{F6578C81-C8F0-8F13-A18C-2A9C840E1C37}.Debug|Any CPU.Build.0 = Debug|Any CPU
		{F6578C81-C8F0-8F13-A18C-2A9C840E1C37}.Release|Any CPU.ActiveCfg = Release|Any CPU
		{F6578C81-C8F0-8F13-A18C-2A9C840E1C37}.Release|Any CPU.Build.0 = Release|Any CPU
		{17B69F4F-03FF-0DA7-4FAE-10D76EA310F8}.Debug|Any CPU.ActiveCfg = Debug|Any CPU
		{17B69F4F-03FF-0DA7-4FAE-10D76EA310F8}.Debug|Any CPU.Build.0 = Debug|Any CPU
		{17B69F4F-03FF-0DA7-4FAE-10D76EA310F8}.Release|Any CPU.ActiveCfg = Release|Any CPU
		{17B69F4F-03FF-0DA7-4FAE-10D76EA310F8}.Release|Any CPU.Build.0 = Release|Any CPU
	EndGlobalSection
	GlobalSection(SolutionProperties) = preSolution
		HideSolutionNode = FALSE
	EndGlobalSection
EndGlobal
